// !$*UTF8*$!
{
	archiveVersion = 1;
	classes = {
	};
	objectVersion = 56;
	objects = {

/* Begin PBXBuildFile section */
		511B09382B1000630061E81B /* ProfileVC.swift in Sources */ = {isa = PBXBuildFile; fileRef = 511B09372B1000630061E81B /* ProfileVC.swift */; };
		511B093A2B100A690061E81B /* ResetPasswordVC.swift in Sources */ = {isa = PBXBuildFile; fileRef = 511B09392B100A690061E81B /* ResetPasswordVC.swift */; };
		514DE5532B0D7C3200D1CDF1 /* Model.swift in Sources */ = {isa = PBXBuildFile; fileRef = 514DE5522B0D7C3200D1CDF1 /* Model.swift */; };
		514DE5552B0D7CA800D1CDF1 /* TranslationVC.swift in Sources */ = {isa = PBXBuildFile; fileRef = 514DE5542B0D7CA800D1CDF1 /* TranslationVC.swift */; };
		514DE5582B0E8FDC00D1CDF1 /* Alamofire in Frameworks */ = {isa = PBXBuildFile; productRef = 514DE5572B0E8FDC00D1CDF1 /* Alamofire */; };
		516C7C4B2B0ACC71007B211B /* FirebaseAnalytics in Frameworks */ = {isa = PBXBuildFile; productRef = 516C7C4A2B0ACC71007B211B /* FirebaseAnalytics */; };
		516C7C4D2B0ACC71007B211B /* FirebaseAnalyticsOnDeviceConversion in Frameworks */ = {isa = PBXBuildFile; productRef = 516C7C4C2B0ACC71007B211B /* FirebaseAnalyticsOnDeviceConversion */; };
		516C7C4F2B0ACC71007B211B /* FirebaseAnalyticsSwift in Frameworks */ = {isa = PBXBuildFile; productRef = 516C7C4E2B0ACC71007B211B /* FirebaseAnalyticsSwift */; };
		516C7C512B0ACC71007B211B /* FirebaseAnalyticsWithoutAdIdSupport in Frameworks */ = {isa = PBXBuildFile; productRef = 516C7C502B0ACC71007B211B /* FirebaseAnalyticsWithoutAdIdSupport */; };
		516C7C532B0ACC71007B211B /* FirebaseAppCheck in Frameworks */ = {isa = PBXBuildFile; productRef = 516C7C522B0ACC71007B211B /* FirebaseAppCheck */; };
		516C7C552B0ACC71007B211B /* FirebaseAppDistribution-Beta in Frameworks */ = {isa = PBXBuildFile; productRef = 516C7C542B0ACC71007B211B /* FirebaseAppDistribution-Beta */; };
		516C7C572B0ACC71007B211B /* FirebaseAuth in Frameworks */ = {isa = PBXBuildFile; productRef = 516C7C562B0ACC71007B211B /* FirebaseAuth */; };
		516C7C592B0ACC71007B211B /* FirebaseAuthCombine-Community in Frameworks */ = {isa = PBXBuildFile; productRef = 516C7C582B0ACC71007B211B /* FirebaseAuthCombine-Community */; };
		516C7C5B2B0ACC71007B211B /* FirebaseCrashlytics in Frameworks */ = {isa = PBXBuildFile; productRef = 516C7C5A2B0ACC71007B211B /* FirebaseCrashlytics */; };
		516C7C5D2B0ACC71007B211B /* FirebaseDatabase in Frameworks */ = {isa = PBXBuildFile; productRef = 516C7C5C2B0ACC71007B211B /* FirebaseDatabase */; };
		516C7C5F2B0ACC71007B211B /* FirebaseDatabaseSwift in Frameworks */ = {isa = PBXBuildFile; productRef = 516C7C5E2B0ACC71007B211B /* FirebaseDatabaseSwift */; };
		516C7C612B0ACC71007B211B /* FirebaseDynamicLinks in Frameworks */ = {isa = PBXBuildFile; productRef = 516C7C602B0ACC71007B211B /* FirebaseDynamicLinks */; };
		516C7C632B0ACC71007B211B /* FirebaseFirestore in Frameworks */ = {isa = PBXBuildFile; productRef = 516C7C622B0ACC71007B211B /* FirebaseFirestore */; };
		516C7C652B0ACC71007B211B /* FirebaseFirestoreCombine-Community in Frameworks */ = {isa = PBXBuildFile; productRef = 516C7C642B0ACC71007B211B /* FirebaseFirestoreCombine-Community */; };
		516C7C672B0ACC71007B211B /* FirebaseFirestoreSwift in Frameworks */ = {isa = PBXBuildFile; productRef = 516C7C662B0ACC71007B211B /* FirebaseFirestoreSwift */; };
		516C7C692B0ACC71007B211B /* FirebaseFunctions in Frameworks */ = {isa = PBXBuildFile; productRef = 516C7C682B0ACC71007B211B /* FirebaseFunctions */; };
		516C7C6B2B0ACC71007B211B /* FirebaseFunctionsCombine-Community in Frameworks */ = {isa = PBXBuildFile; productRef = 516C7C6A2B0ACC71007B211B /* FirebaseFunctionsCombine-Community */; };
		516C7C6D2B0ACC71007B211B /* FirebaseInAppMessaging-Beta in Frameworks */ = {isa = PBXBuildFile; productRef = 516C7C6C2B0ACC71007B211B /* FirebaseInAppMessaging-Beta */; };
		516C7C6F2B0ACC71007B211B /* FirebaseInAppMessagingSwift-Beta in Frameworks */ = {isa = PBXBuildFile; productRef = 516C7C6E2B0ACC71007B211B /* FirebaseInAppMessagingSwift-Beta */; };
		516C7C712B0ACC71007B211B /* FirebaseInstallations in Frameworks */ = {isa = PBXBuildFile; productRef = 516C7C702B0ACC71007B211B /* FirebaseInstallations */; };
		516C7C732B0ACC71007B211B /* FirebaseMLModelDownloader in Frameworks */ = {isa = PBXBuildFile; productRef = 516C7C722B0ACC71007B211B /* FirebaseMLModelDownloader */; };
		516C7C752B0ACC71007B211B /* FirebaseMessaging in Frameworks */ = {isa = PBXBuildFile; productRef = 516C7C742B0ACC71007B211B /* FirebaseMessaging */; };
		516C7C772B0ACC71007B211B /* FirebasePerformance in Frameworks */ = {isa = PBXBuildFile; productRef = 516C7C762B0ACC71007B211B /* FirebasePerformance */; };
		516C7C792B0ACC71007B211B /* FirebaseRemoteConfig in Frameworks */ = {isa = PBXBuildFile; productRef = 516C7C782B0ACC71007B211B /* FirebaseRemoteConfig */; };
		516C7C7B2B0ACC71007B211B /* FirebaseRemoteConfigSwift in Frameworks */ = {isa = PBXBuildFile; productRef = 516C7C7A2B0ACC71007B211B /* FirebaseRemoteConfigSwift */; };
		516C7C7D2B0ACC71007B211B /* FirebaseStorage in Frameworks */ = {isa = PBXBuildFile; productRef = 516C7C7C2B0ACC71007B211B /* FirebaseStorage */; };
		516C7C7F2B0ACC71007B211B /* FirebaseStorageCombine-Community in Frameworks */ = {isa = PBXBuildFile; productRef = 516C7C7E2B0ACC71007B211B /* FirebaseStorageCombine-Community */; };
		516C7C822B0AECDB007B211B /* AuthenticationModel.swift in Sources */ = {isa = PBXBuildFile; fileRef = 516C7C812B0AECDB007B211B /* AuthenticationModel.swift */; };
		516C7C842B0AF1CF007B211B /* NewAccountVC.swift in Sources */ = {isa = PBXBuildFile; fileRef = 516C7C832B0AF1CF007B211B /* NewAccountVC.swift */; };
		51A87B912AEF660F00D6FC91 /* AppDelegate.swift in Sources */ = {isa = PBXBuildFile; fileRef = 51A87B902AEF660F00D6FC91 /* AppDelegate.swift */; };
		51A87B932AEF660F00D6FC91 /* SceneDelegate.swift in Sources */ = {isa = PBXBuildFile; fileRef = 51A87B922AEF660F00D6FC91 /* SceneDelegate.swift */; };
		51A87B982AEF660F00D6FC91 /* Main.storyboard in Resources */ = {isa = PBXBuildFile; fileRef = 51A87B962AEF660F00D6FC91 /* Main.storyboard */; };
		51A87B9D2AEF661300D6FC91 /* LaunchScreen.storyboard in Resources */ = {isa = PBXBuildFile; fileRef = 51A87B9B2AEF661300D6FC91 /* LaunchScreen.storyboard */; };
		51A87BA62AEF66CC00D6FC91 /* Lottie in Frameworks */ = {isa = PBXBuildFile; productRef = 51A87BA52AEF66CC00D6FC91 /* Lottie */; };
		51A87BAE2AEF6B2500D6FC91 /* SplashScreenVC.swift in Sources */ = {isa = PBXBuildFile; fileRef = 51A87BAD2AEF6B2500D6FC91 /* SplashScreenVC.swift */; };
		51A87BB32AF0392000D6FC91 /* Assets.xcassets in Resources */ = {isa = PBXBuildFile; fileRef = 51A87BB22AF0392000D6FC91 /* Assets.xcassets */; };
		A606B1222AF3071500A7E351 /* GoogleService-Info.plist in Resources */ = {isa = PBXBuildFile; fileRef = A606B1212AF3071500A7E351 /* GoogleService-Info.plist */; };
		A676C99C2AF0A55000422E76 /* LoginVC.swift in Sources */ = {isa = PBXBuildFile; fileRef = A676C99B2AF0A55000422E76 /* LoginVC.swift */; };
/* End PBXBuildFile section */

/* Begin PBXFileReference section */
		511B09372B1000630061E81B /* ProfileVC.swift */ = {isa = PBXFileReference; fileEncoding = 4; lastKnownFileType = sourcecode.swift; path = ProfileVC.swift; sourceTree = "<group>"; };
		511B09392B100A690061E81B /* ResetPasswordVC.swift */ = {isa = PBXFileReference; lastKnownFileType = sourcecode.swift; path = ResetPasswordVC.swift; sourceTree = "<group>"; };
		514DE5522B0D7C3200D1CDF1 /* Model.swift */ = {isa = PBXFileReference; lastKnownFileType = sourcecode.swift; path = Model.swift; sourceTree = "<group>"; };
		514DE5542B0D7CA800D1CDF1 /* TranslationVC.swift */ = {isa = PBXFileReference; lastKnownFileType = sourcecode.swift; path = TranslationVC.swift; sourceTree = "<group>"; };
		516C7C812B0AECDB007B211B /* AuthenticationModel.swift */ = {isa = PBXFileReference; lastKnownFileType = sourcecode.swift; path = AuthenticationModel.swift; sourceTree = "<group>"; };
		516C7C832B0AF1CF007B211B /* NewAccountVC.swift */ = {isa = PBXFileReference; lastKnownFileType = sourcecode.swift; path = NewAccountVC.swift; sourceTree = "<group>"; };
		51A87B8D2AEF660F00D6FC91 /* SpeakEasy.app */ = {isa = PBXFileReference; explicitFileType = wrapper.application; includeInIndex = 0; path = SpeakEasy.app; sourceTree = BUILT_PRODUCTS_DIR; };
		51A87B902AEF660F00D6FC91 /* AppDelegate.swift */ = {isa = PBXFileReference; lastKnownFileType = sourcecode.swift; path = AppDelegate.swift; sourceTree = "<group>"; };
		51A87B922AEF660F00D6FC91 /* SceneDelegate.swift */ = {isa = PBXFileReference; lastKnownFileType = sourcecode.swift; path = SceneDelegate.swift; sourceTree = "<group>"; };
		51A87B972AEF660F00D6FC91 /* Base */ = {isa = PBXFileReference; lastKnownFileType = file.storyboard; name = Base; path = Base.lproj/Main.storyboard; sourceTree = "<group>"; };
		51A87B9C2AEF661300D6FC91 /* Base */ = {isa = PBXFileReference; lastKnownFileType = file.storyboard; name = Base; path = Base.lproj/LaunchScreen.storyboard; sourceTree = "<group>"; };
		51A87B9E2AEF661300D6FC91 /* Info.plist */ = {isa = PBXFileReference; lastKnownFileType = text.plist.xml; path = Info.plist; sourceTree = "<group>"; };
		51A87BAD2AEF6B2500D6FC91 /* SplashScreenVC.swift */ = {isa = PBXFileReference; lastKnownFileType = sourcecode.swift; path = SplashScreenVC.swift; sourceTree = "<group>"; };
		51A87BB22AF0392000D6FC91 /* Assets.xcassets */ = {isa = PBXFileReference; lastKnownFileType = folder.assetcatalog; path = Assets.xcassets; sourceTree = "<group>"; };
		A606B1212AF3071500A7E351 /* GoogleService-Info.plist */ = {isa = PBXFileReference; fileEncoding = 4; lastKnownFileType = text.plist.xml; path = "GoogleService-Info.plist"; sourceTree = "<group>"; };
		A676C99B2AF0A55000422E76 /* LoginVC.swift */ = {isa = PBXFileReference; lastKnownFileType = sourcecode.swift; path = LoginVC.swift; sourceTree = "<group>"; };
/* End PBXFileReference section */

/* Begin PBXFrameworksBuildPhase section */
		51A87B8A2AEF660F00D6FC91 /* Frameworks */ = {
			isa = PBXFrameworksBuildPhase;
			buildActionMask = 2147483647;
			files = (
				516C7C692B0ACC71007B211B /* FirebaseFunctions in Frameworks */,
				516C7C5F2B0ACC71007B211B /* FirebaseDatabaseSwift in Frameworks */,
				516C7C6F2B0ACC71007B211B /* FirebaseInAppMessagingSwift-Beta in Frameworks */,
				516C7C752B0ACC71007B211B /* FirebaseMessaging in Frameworks */,
				516C7C552B0ACC71007B211B /* FirebaseAppDistribution-Beta in Frameworks */,
				516C7C592B0ACC71007B211B /* FirebaseAuthCombine-Community in Frameworks */,
				516C7C652B0ACC71007B211B /* FirebaseFirestoreCombine-Community in Frameworks */,
				516C7C4F2B0ACC71007B211B /* FirebaseAnalyticsSwift in Frameworks */,
				516C7C732B0ACC71007B211B /* FirebaseMLModelDownloader in Frameworks */,
				516C7C512B0ACC71007B211B /* FirebaseAnalyticsWithoutAdIdSupport in Frameworks */,
				516C7C4B2B0ACC71007B211B /* FirebaseAnalytics in Frameworks */,
				516C7C672B0ACC71007B211B /* FirebaseFirestoreSwift in Frameworks */,
				516C7C4D2B0ACC71007B211B /* FirebaseAnalyticsOnDeviceConversion in Frameworks */,
				516C7C532B0ACC71007B211B /* FirebaseAppCheck in Frameworks */,
				516C7C772B0ACC71007B211B /* FirebasePerformance in Frameworks */,
				516C7C6D2B0ACC71007B211B /* FirebaseInAppMessaging-Beta in Frameworks */,
				516C7C6B2B0ACC71007B211B /* FirebaseFunctionsCombine-Community in Frameworks */,
				516C7C5B2B0ACC71007B211B /* FirebaseCrashlytics in Frameworks */,
				516C7C712B0ACC71007B211B /* FirebaseInstallations in Frameworks */,
				516C7C792B0ACC71007B211B /* FirebaseRemoteConfig in Frameworks */,
				516C7C7D2B0ACC71007B211B /* FirebaseStorage in Frameworks */,
				514DE5582B0E8FDC00D1CDF1 /* Alamofire in Frameworks */,
				516C7C5D2B0ACC71007B211B /* FirebaseDatabase in Frameworks */,
				516C7C7F2B0ACC71007B211B /* FirebaseStorageCombine-Community in Frameworks */,
				51A87BA62AEF66CC00D6FC91 /* Lottie in Frameworks */,
				516C7C572B0ACC71007B211B /* FirebaseAuth in Frameworks */,
				516C7C612B0ACC71007B211B /* FirebaseDynamicLinks in Frameworks */,
				516C7C632B0ACC71007B211B /* FirebaseFirestore in Frameworks */,
				516C7C7B2B0ACC71007B211B /* FirebaseRemoteConfigSwift in Frameworks */,
			);
			runOnlyForDeploymentPostprocessing = 0;
		};
/* End PBXFrameworksBuildPhase section */

/* Begin PBXGroup section */
		516C7C802B0ACFE2007B211B /* Frameworks */ = {
			isa = PBXGroup;
			children = (
			);
			name = Frameworks;
			sourceTree = "<group>";
		};
		51A87B842AEF660F00D6FC91 = {
			isa = PBXGroup;
			children = (
				51A87B8F2AEF660F00D6FC91 /* SpeakEasy */,
				51A87B8E2AEF660F00D6FC91 /* Products */,
				516C7C802B0ACFE2007B211B /* Frameworks */,
			);
			sourceTree = "<group>";
		};
		51A87B8E2AEF660F00D6FC91 /* Products */ = {
			isa = PBXGroup;
			children = (
				51A87B8D2AEF660F00D6FC91 /* SpeakEasy.app */,
			);
			name = Products;
			sourceTree = "<group>";
		};
		51A87B8F2AEF660F00D6FC91 /* SpeakEasy */ = {
			isa = PBXGroup;
			children = (
				A606B1212AF3071500A7E351 /* GoogleService-Info.plist */,
				A606B1232AF3071C00A7E351 /* Supporting Files */,
				51A87BB22AF0392000D6FC91 /* Assets.xcassets */,
				51A87B962AEF660F00D6FC91 /* Main.storyboard */,
				514DE5522B0D7C3200D1CDF1 /* Model.swift */,
				516C7C812B0AECDB007B211B /* AuthenticationModel.swift */,
				51A87BB62AF0567E00D6FC91 /* View Controllers */,
				51A87B9B2AEF661300D6FC91 /* LaunchScreen.storyboard */,
				51A87B9E2AEF661300D6FC91 /* Info.plist */,
			);
			path = SpeakEasy;
			sourceTree = "<group>";
		};
		51A87BB62AF0567E00D6FC91 /* View Controllers */ = {
			isa = PBXGroup;
			children = (
				511B09392B100A690061E81B /* ResetPasswordVC.swift */,
				A676C99B2AF0A55000422E76 /* LoginVC.swift */,
				516C7C832B0AF1CF007B211B /* NewAccountVC.swift */,
				51A87BAD2AEF6B2500D6FC91 /* SplashScreenVC.swift */,
				514DE5542B0D7CA800D1CDF1 /* TranslationVC.swift */,
				511B09372B1000630061E81B /* ProfileVC.swift */,
			);
			path = "View Controllers";
			sourceTree = "<group>";
		};
		A606B1232AF3071C00A7E351 /* Supporting Files */ = {
			isa = PBXGroup;
			children = (
				51A87B902AEF660F00D6FC91 /* AppDelegate.swift */,
				51A87B922AEF660F00D6FC91 /* SceneDelegate.swift */,
			);
			path = "Supporting Files";
			sourceTree = "<group>";
		};
/* End PBXGroup section */

/* Begin PBXNativeTarget section */
		51A87B8C2AEF660F00D6FC91 /* SpeakEasy */ = {
			isa = PBXNativeTarget;
			buildConfigurationList = 51A87BA12AEF661300D6FC91 /* Build configuration list for PBXNativeTarget "SpeakEasy" */;
			buildPhases = (
				51A87B892AEF660F00D6FC91 /* Sources */,
				51A87B8A2AEF660F00D6FC91 /* Frameworks */,
				51A87B8B2AEF660F00D6FC91 /* Resources */,
			);
			buildRules = (
			);
			dependencies = (
			);
			name = SpeakEasy;
			packageProductDependencies = (
				51A87BA52AEF66CC00D6FC91 /* Lottie */,
				516C7C4A2B0ACC71007B211B /* FirebaseAnalytics */,
				516C7C4C2B0ACC71007B211B /* FirebaseAnalyticsOnDeviceConversion */,
				516C7C4E2B0ACC71007B211B /* FirebaseAnalyticsSwift */,
				516C7C502B0ACC71007B211B /* FirebaseAnalyticsWithoutAdIdSupport */,
				516C7C522B0ACC71007B211B /* FirebaseAppCheck */,
				516C7C542B0ACC71007B211B /* FirebaseAppDistribution-Beta */,
				516C7C562B0ACC71007B211B /* FirebaseAuth */,
				516C7C582B0ACC71007B211B /* FirebaseAuthCombine-Community */,
				516C7C5A2B0ACC71007B211B /* FirebaseCrashlytics */,
				516C7C5C2B0ACC71007B211B /* FirebaseDatabase */,
				516C7C5E2B0ACC71007B211B /* FirebaseDatabaseSwift */,
				516C7C602B0ACC71007B211B /* FirebaseDynamicLinks */,
				516C7C622B0ACC71007B211B /* FirebaseFirestore */,
				516C7C642B0ACC71007B211B /* FirebaseFirestoreCombine-Community */,
				516C7C662B0ACC71007B211B /* FirebaseFirestoreSwift */,
				516C7C682B0ACC71007B211B /* FirebaseFunctions */,
				516C7C6A2B0ACC71007B211B /* FirebaseFunctionsCombine-Community */,
				516C7C6C2B0ACC71007B211B /* FirebaseInAppMessaging-Beta */,
				516C7C6E2B0ACC71007B211B /* FirebaseInAppMessagingSwift-Beta */,
				516C7C702B0ACC71007B211B /* FirebaseInstallations */,
				516C7C722B0ACC71007B211B /* FirebaseMLModelDownloader */,
				516C7C742B0ACC71007B211B /* FirebaseMessaging */,
				516C7C762B0ACC71007B211B /* FirebasePerformance */,
				516C7C782B0ACC71007B211B /* FirebaseRemoteConfig */,
				516C7C7A2B0ACC71007B211B /* FirebaseRemoteConfigSwift */,
				516C7C7C2B0ACC71007B211B /* FirebaseStorage */,
				516C7C7E2B0ACC71007B211B /* FirebaseStorageCombine-Community */,
				514DE5572B0E8FDC00D1CDF1 /* Alamofire */,
			);
			productName = SpeakEasy;
			productReference = 51A87B8D2AEF660F00D6FC91 /* SpeakEasy.app */;
			productType = "com.apple.product-type.application";
		};
/* End PBXNativeTarget section */

/* Begin PBXProject section */
		51A87B852AEF660F00D6FC91 /* Project object */ = {
			isa = PBXProject;
			attributes = {
				BuildIndependentTargetsInParallel = 1;
				LastSwiftUpdateCheck = 1500;
				LastUpgradeCheck = 1500;
				TargetAttributes = {
					51A87B8C2AEF660F00D6FC91 = {
						CreatedOnToolsVersion = 15.0.1;
					};
				};
			};
			buildConfigurationList = 51A87B882AEF660F00D6FC91 /* Build configuration list for PBXProject "SpeakEasy" */;
			compatibilityVersion = "Xcode 14.0";
			developmentRegion = en;
			hasScannedForEncodings = 0;
			knownRegions = (
				en,
				Base,
			);
			mainGroup = 51A87B842AEF660F00D6FC91;
			packageReferences = (
				51A87BA42AEF66CB00D6FC91 /* XCRemoteSwiftPackageReference "lottie-ios" */,
				516C7C492B0ACC71007B211B /* XCRemoteSwiftPackageReference "firebase-ios-sdk" */,
				514DE5562B0E8FDC00D1CDF1 /* XCRemoteSwiftPackageReference "Alamofire" */,
			);
			productRefGroup = 51A87B8E2AEF660F00D6FC91 /* Products */;
			projectDirPath = "";
			projectRoot = "";
			targets = (
				51A87B8C2AEF660F00D6FC91 /* SpeakEasy */,
			);
		};
/* End PBXProject section */

/* Begin PBXResourcesBuildPhase section */
		51A87B8B2AEF660F00D6FC91 /* Resources */ = {
			isa = PBXResourcesBuildPhase;
			buildActionMask = 2147483647;
			files = (
				51A87B9D2AEF661300D6FC91 /* LaunchScreen.storyboard in Resources */,
				A606B1222AF3071500A7E351 /* GoogleService-Info.plist in Resources */,
				51A87B982AEF660F00D6FC91 /* Main.storyboard in Resources */,
				51A87BB32AF0392000D6FC91 /* Assets.xcassets in Resources */,
			);
			runOnlyForDeploymentPostprocessing = 0;
		};
/* End PBXResourcesBuildPhase section */

/* Begin PBXSourcesBuildPhase section */
		51A87B892AEF660F00D6FC91 /* Sources */ = {
			isa = PBXSourcesBuildPhase;
			buildActionMask = 2147483647;
			files = (
				514DE5532B0D7C3200D1CDF1 /* Model.swift in Sources */,
				51A87B912AEF660F00D6FC91 /* AppDelegate.swift in Sources */,
				516C7C822B0AECDB007B211B /* AuthenticationModel.swift in Sources */,
				511B09382B1000630061E81B /* ProfileVC.swift in Sources */,
				51A87B932AEF660F00D6FC91 /* SceneDelegate.swift in Sources */,
				A676C99C2AF0A55000422E76 /* LoginVC.swift in Sources */,
				51A87BAE2AEF6B2500D6FC91 /* SplashScreenVC.swift in Sources */,
				514DE5552B0D7CA800D1CDF1 /* TranslationVC.swift in Sources */,
				516C7C842B0AF1CF007B211B /* NewAccountVC.swift in Sources */,
				511B093A2B100A690061E81B /* ResetPasswordVC.swift in Sources */,
			);
			runOnlyForDeploymentPostprocessing = 0;
		};
/* End PBXSourcesBuildPhase section */

/* Begin PBXVariantGroup section */
		51A87B962AEF660F00D6FC91 /* Main.storyboard */ = {
			isa = PBXVariantGroup;
			children = (
				51A87B972AEF660F00D6FC91 /* Base */,
			);
			name = Main.storyboard;
			sourceTree = "<group>";
		};
		51A87B9B2AEF661300D6FC91 /* LaunchScreen.storyboard */ = {
			isa = PBXVariantGroup;
			children = (
				51A87B9C2AEF661300D6FC91 /* Base */,
			);
			name = LaunchScreen.storyboard;
			sourceTree = "<group>";
		};
/* End PBXVariantGroup section */

/* Begin XCBuildConfiguration section */
		51A87B9F2AEF661300D6FC91 /* Debug */ = {
			isa = XCBuildConfiguration;
			buildSettings = {
				ALWAYS_SEARCH_USER_PATHS = NO;
				ASSETCATALOG_COMPILER_GENERATE_SWIFT_ASSET_SYMBOL_EXTENSIONS = YES;
				CLANG_ANALYZER_NONNULL = YES;
				CLANG_ANALYZER_NUMBER_OBJECT_CONVERSION = YES_AGGRESSIVE;
				CLANG_CXX_LANGUAGE_STANDARD = "gnu++20";
				CLANG_ENABLE_MODULES = YES;
				CLANG_ENABLE_OBJC_ARC = YES;
				CLANG_ENABLE_OBJC_WEAK = YES;
				CLANG_WARN_BLOCK_CAPTURE_AUTORELEASING = YES;
				CLANG_WARN_BOOL_CONVERSION = YES;
				CLANG_WARN_COMMA = YES;
				CLANG_WARN_CONSTANT_CONVERSION = YES;
				CLANG_WARN_DEPRECATED_OBJC_IMPLEMENTATIONS = YES;
				CLANG_WARN_DIRECT_OBJC_ISA_USAGE = YES_ERROR;
				CLANG_WARN_DOCUMENTATION_COMMENTS = YES;
				CLANG_WARN_EMPTY_BODY = YES;
				CLANG_WARN_ENUM_CONVERSION = YES;
				CLANG_WARN_INFINITE_RECURSION = YES;
				CLANG_WARN_INT_CONVERSION = YES;
				CLANG_WARN_NON_LITERAL_NULL_CONVERSION = YES;
				CLANG_WARN_OBJC_IMPLICIT_RETAIN_SELF = YES;
				CLANG_WARN_OBJC_LITERAL_CONVERSION = YES;
				CLANG_WARN_OBJC_ROOT_CLASS = YES_ERROR;
				CLANG_WARN_QUOTED_INCLUDE_IN_FRAMEWORK_HEADER = YES;
				CLANG_WARN_RANGE_LOOP_ANALYSIS = YES;
				CLANG_WARN_STRICT_PROTOTYPES = YES;
				CLANG_WARN_SUSPICIOUS_MOVE = YES;
				CLANG_WARN_UNGUARDED_AVAILABILITY = YES_AGGRESSIVE;
				CLANG_WARN_UNREACHABLE_CODE = YES;
				CLANG_WARN__DUPLICATE_METHOD_MATCH = YES;
				COPY_PHASE_STRIP = NO;
				DEBUG_INFORMATION_FORMAT = dwarf;
				ENABLE_STRICT_OBJC_MSGSEND = YES;
				ENABLE_TESTABILITY = YES;
				ENABLE_USER_SCRIPT_SANDBOXING = YES;
				GCC_C_LANGUAGE_STANDARD = gnu17;
				GCC_DYNAMIC_NO_PIC = NO;
				GCC_NO_COMMON_BLOCKS = YES;
				GCC_OPTIMIZATION_LEVEL = 0;
				GCC_PREPROCESSOR_DEFINITIONS = (
					"DEBUG=1",
					"$(inherited)",
				);
				GCC_WARN_64_TO_32_BIT_CONVERSION = YES;
				GCC_WARN_ABOUT_RETURN_TYPE = YES_ERROR;
				GCC_WARN_UNDECLARED_SELECTOR = YES;
				GCC_WARN_UNINITIALIZED_AUTOS = YES_AGGRESSIVE;
				GCC_WARN_UNUSED_FUNCTION = YES;
				GCC_WARN_UNUSED_VARIABLE = YES;
				IPHONEOS_DEPLOYMENT_TARGET = 16.4;
				LOCALIZATION_PREFERS_STRING_CATALOGS = YES;
				MTL_ENABLE_DEBUG_INFO = INCLUDE_SOURCE;
				MTL_FAST_MATH = YES;
				ONLY_ACTIVE_ARCH = YES;
				SDKROOT = iphoneos;
				SWIFT_ACTIVE_COMPILATION_CONDITIONS = "DEBUG $(inherited)";
				SWIFT_OPTIMIZATION_LEVEL = "-Onone";
			};
			name = Debug;
		};
		51A87BA02AEF661300D6FC91 /* Release */ = {
			isa = XCBuildConfiguration;
			buildSettings = {
				ALWAYS_SEARCH_USER_PATHS = NO;
				ASSETCATALOG_COMPILER_GENERATE_SWIFT_ASSET_SYMBOL_EXTENSIONS = YES;
				CLANG_ANALYZER_NONNULL = YES;
				CLANG_ANALYZER_NUMBER_OBJECT_CONVERSION = YES_AGGRESSIVE;
				CLANG_CXX_LANGUAGE_STANDARD = "gnu++20";
				CLANG_ENABLE_MODULES = YES;
				CLANG_ENABLE_OBJC_ARC = YES;
				CLANG_ENABLE_OBJC_WEAK = YES;
				CLANG_WARN_BLOCK_CAPTURE_AUTORELEASING = YES;
				CLANG_WARN_BOOL_CONVERSION = YES;
				CLANG_WARN_COMMA = YES;
				CLANG_WARN_CONSTANT_CONVERSION = YES;
				CLANG_WARN_DEPRECATED_OBJC_IMPLEMENTATIONS = YES;
				CLANG_WARN_DIRECT_OBJC_ISA_USAGE = YES_ERROR;
				CLANG_WARN_DOCUMENTATION_COMMENTS = YES;
				CLANG_WARN_EMPTY_BODY = YES;
				CLANG_WARN_ENUM_CONVERSION = YES;
				CLANG_WARN_INFINITE_RECURSION = YES;
				CLANG_WARN_INT_CONVERSION = YES;
				CLANG_WARN_NON_LITERAL_NULL_CONVERSION = YES;
				CLANG_WARN_OBJC_IMPLICIT_RETAIN_SELF = YES;
				CLANG_WARN_OBJC_LITERAL_CONVERSION = YES;
				CLANG_WARN_OBJC_ROOT_CLASS = YES_ERROR;
				CLANG_WARN_QUOTED_INCLUDE_IN_FRAMEWORK_HEADER = YES;
				CLANG_WARN_RANGE_LOOP_ANALYSIS = YES;
				CLANG_WARN_STRICT_PROTOTYPES = YES;
				CLANG_WARN_SUSPICIOUS_MOVE = YES;
				CLANG_WARN_UNGUARDED_AVAILABILITY = YES_AGGRESSIVE;
				CLANG_WARN_UNREACHABLE_CODE = YES;
				CLANG_WARN__DUPLICATE_METHOD_MATCH = YES;
				COPY_PHASE_STRIP = NO;
				DEBUG_INFORMATION_FORMAT = "dwarf-with-dsym";
				ENABLE_NS_ASSERTIONS = NO;
				ENABLE_STRICT_OBJC_MSGSEND = YES;
				ENABLE_USER_SCRIPT_SANDBOXING = YES;
				GCC_C_LANGUAGE_STANDARD = gnu17;
				GCC_NO_COMMON_BLOCKS = YES;
				GCC_WARN_64_TO_32_BIT_CONVERSION = YES;
				GCC_WARN_ABOUT_RETURN_TYPE = YES_ERROR;
				GCC_WARN_UNDECLARED_SELECTOR = YES;
				GCC_WARN_UNINITIALIZED_AUTOS = YES_AGGRESSIVE;
				GCC_WARN_UNUSED_FUNCTION = YES;
				GCC_WARN_UNUSED_VARIABLE = YES;
				IPHONEOS_DEPLOYMENT_TARGET = 16.4;
				LOCALIZATION_PREFERS_STRING_CATALOGS = YES;
				MTL_ENABLE_DEBUG_INFO = NO;
				MTL_FAST_MATH = YES;
				SDKROOT = iphoneos;
				SWIFT_COMPILATION_MODE = wholemodule;
				VALIDATE_PRODUCT = YES;
			};
			name = Release;
		};
		51A87BA22AEF661300D6FC91 /* Debug */ = {
			isa = XCBuildConfiguration;
			buildSettings = {
				ASSETCATALOG_COMPILER_APPICON_NAME = AppIcon;
				ASSETCATALOG_COMPILER_GLOBAL_ACCENT_COLOR_NAME = AccentColor;
				CODE_SIGN_STYLE = Automatic;
				CURRENT_PROJECT_VERSION = 1;
				DEVELOPMENT_TEAM = 2XP43S555W;
				GENERATE_INFOPLIST_FILE = YES;
				INFOPLIST_FILE = SpeakEasy/Info.plist;
				INFOPLIST_KEY_UIApplicationSupportsIndirectInputEvents = YES;
				INFOPLIST_KEY_UILaunchStoryboardName = LaunchScreen;
				INFOPLIST_KEY_UIMainStoryboardFile = Main;
				INFOPLIST_KEY_UISupportedInterfaceOrientations_iPad = "UIInterfaceOrientationPortrait UIInterfaceOrientationPortraitUpsideDown UIInterfaceOrientationLandscapeLeft UIInterfaceOrientationLandscapeRight";
				INFOPLIST_KEY_UISupportedInterfaceOrientations_iPhone = "UIInterfaceOrientationPortrait UIInterfaceOrientationLandscapeLeft UIInterfaceOrientationLandscapeRight";
				LD_RUNPATH_SEARCH_PATHS = (
					"$(inherited)",
					"@executable_path/Frameworks",
				);
				MARKETING_VERSION = 1.0;
				PRODUCT_BUNDLE_IDENTIFIER = edu.nwmissouri.fall23.cs44643.SpeakEasy;
				PRODUCT_NAME = "$(TARGET_NAME)";
				SWIFT_EMIT_LOC_STRINGS = YES;
				SWIFT_VERSION = 5.0;
				TARGETED_DEVICE_FAMILY = "1,2";
			};
			name = Debug;
		};
		51A87BA32AEF661300D6FC91 /* Release */ = {
			isa = XCBuildConfiguration;
			buildSettings = {
				ASSETCATALOG_COMPILER_APPICON_NAME = AppIcon;
				ASSETCATALOG_COMPILER_GLOBAL_ACCENT_COLOR_NAME = AccentColor;
				CODE_SIGN_STYLE = Automatic;
				CURRENT_PROJECT_VERSION = 1;
				DEVELOPMENT_TEAM = 2XP43S555W;
				GENERATE_INFOPLIST_FILE = YES;
				INFOPLIST_FILE = SpeakEasy/Info.plist;
				INFOPLIST_KEY_UIApplicationSupportsIndirectInputEvents = YES;
				INFOPLIST_KEY_UILaunchStoryboardName = LaunchScreen;
				INFOPLIST_KEY_UIMainStoryboardFile = Main;
				INFOPLIST_KEY_UISupportedInterfaceOrientations_iPad = "UIInterfaceOrientationPortrait UIInterfaceOrientationPortraitUpsideDown UIInterfaceOrientationLandscapeLeft UIInterfaceOrientationLandscapeRight";
				INFOPLIST_KEY_UISupportedInterfaceOrientations_iPhone = "UIInterfaceOrientationPortrait UIInterfaceOrientationLandscapeLeft UIInterfaceOrientationLandscapeRight";
				LD_RUNPATH_SEARCH_PATHS = (
					"$(inherited)",
					"@executable_path/Frameworks",
				);
				MARKETING_VERSION = 1.0;
				PRODUCT_BUNDLE_IDENTIFIER = edu.nwmissouri.fall23.cs44643.SpeakEasy;
				PRODUCT_NAME = "$(TARGET_NAME)";
				SWIFT_EMIT_LOC_STRINGS = YES;
				SWIFT_VERSION = 5.0;
				TARGETED_DEVICE_FAMILY = "1,2";
			};
			name = Release;
		};
/* End XCBuildConfiguration section */

/* Begin XCConfigurationList section */
		51A87B882AEF660F00D6FC91 /* Build configuration list for PBXProject "SpeakEasy" */ = {
			isa = XCConfigurationList;
			buildConfigurations = (
				51A87B9F2AEF661300D6FC91 /* Debug */,
				51A87BA02AEF661300D6FC91 /* Release */,
			);
			defaultConfigurationIsVisible = 0;
			defaultConfigurationName = Release;
		};
		51A87BA12AEF661300D6FC91 /* Build configuration list for PBXNativeTarget "SpeakEasy" */ = {
			isa = XCConfigurationList;
			buildConfigurations = (
				51A87BA22AEF661300D6FC91 /* Debug */,
				51A87BA32AEF661300D6FC91 /* Release */,
			);
			defaultConfigurationIsVisible = 0;
			defaultConfigurationName = Release;
		};
/* End XCConfigurationList section */

/* Begin XCRemoteSwiftPackageReference section */
		514DE5562B0E8FDC00D1CDF1 /* XCRemoteSwiftPackageReference "Alamofire" */ = {
			isa = XCRemoteSwiftPackageReference;
			repositoryURL = "https://github.com/Alamofire/Alamofire.git";
			requirement = {
				kind = upToNextMajorVersion;
				minimumVersion = 5.8.1;
			};
		};
		516C7C492B0ACC71007B211B /* XCRemoteSwiftPackageReference "firebase-ios-sdk" */ = {
			isa = XCRemoteSwiftPackageReference;
			repositoryURL = "https://github.com/firebase/firebase-ios-sdk.git";
			requirement = {
				kind = upToNextMajorVersion;
				minimumVersion = 10.18.0;
			};
		};
		51A87BA42AEF66CB00D6FC91 /* XCRemoteSwiftPackageReference "lottie-ios" */ = {
			isa = XCRemoteSwiftPackageReference;
			repositoryURL = "https://github.com/airbnb/lottie-ios";
			requirement = {
				kind = upToNextMajorVersion;
				minimumVersion = 4.3.3;
			};
		};
/* End XCRemoteSwiftPackageReference section */

/* Begin XCSwiftPackageProductDependency section */
		514DE5572B0E8FDC00D1CDF1 /* Alamofire */ = {
			isa = XCSwiftPackageProductDependency;
			package = 514DE5562B0E8FDC00D1CDF1 /* XCRemoteSwiftPackageReference "Alamofire" */;
			productName = Alamofire;
		};
		516C7C4A2B0ACC71007B211B /* FirebaseAnalytics */ = {
			isa = XCSwiftPackageProductDependency;
			package = 516C7C492B0ACC71007B211B /* XCRemoteSwiftPackageReference "firebase-ios-sdk" */;
			productName = FirebaseAnalytics;
		};
		516C7C4C2B0ACC71007B211B /* FirebaseAnalyticsOnDeviceConversion */ = {
			isa = XCSwiftPackageProductDependency;
			package = 516C7C492B0ACC71007B211B /* XCRemoteSwiftPackageReference "firebase-ios-sdk" */;
			productName = FirebaseAnalyticsOnDeviceConversion;
		};
		516C7C4E2B0ACC71007B211B /* FirebaseAnalyticsSwift */ = {
			isa = XCSwiftPackageProductDependency;
			package = 516C7C492B0ACC71007B211B /* XCRemoteSwiftPackageReference "firebase-ios-sdk" */;
			productName = FirebaseAnalyticsSwift;
		};
		516C7C502B0ACC71007B211B /* FirebaseAnalyticsWithoutAdIdSupport */ = {
			isa = XCSwiftPackageProductDependency;
			package = 516C7C492B0ACC71007B211B /* XCRemoteSwiftPackageReference "firebase-ios-sdk" */;
			productName = FirebaseAnalyticsWithoutAdIdSupport;
		};
		516C7C522B0ACC71007B211B /* FirebaseAppCheck */ = {
			isa = XCSwiftPackageProductDependency;
			package = 516C7C492B0ACC71007B211B /* XCRemoteSwiftPackageReference "firebase-ios-sdk" */;
			productName = FirebaseAppCheck;
		};
		516C7C542B0ACC71007B211B /* FirebaseAppDistribution-Beta */ = {
			isa = XCSwiftPackageProductDependency;
			package = 516C7C492B0ACC71007B211B /* XCRemoteSwiftPackageReference "firebase-ios-sdk" */;
			productName = "FirebaseAppDistribution-Beta";
		};
		516C7C562B0ACC71007B211B /* FirebaseAuth */ = {
			isa = XCSwiftPackageProductDependency;
			package = 516C7C492B0ACC71007B211B /* XCRemoteSwiftPackageReference "firebase-ios-sdk" */;
			productName = FirebaseAuth;
		};
		516C7C582B0ACC71007B211B /* FirebaseAuthCombine-Community */ = {
			isa = XCSwiftPackageProductDependency;
			package = 516C7C492B0ACC71007B211B /* XCRemoteSwiftPackageReference "firebase-ios-sdk" */;
			productName = "FirebaseAuthCombine-Community";
		};
		516C7C5A2B0ACC71007B211B /* FirebaseCrashlytics */ = {
			isa = XCSwiftPackageProductDependency;
			package = 516C7C492B0ACC71007B211B /* XCRemoteSwiftPackageReference "firebase-ios-sdk" */;
			productName = FirebaseCrashlytics;
		};
		516C7C5C2B0ACC71007B211B /* FirebaseDatabase */ = {
			isa = XCSwiftPackageProductDependency;
			package = 516C7C492B0ACC71007B211B /* XCRemoteSwiftPackageReference "firebase-ios-sdk" */;
			productName = FirebaseDatabase;
		};
		516C7C5E2B0ACC71007B211B /* FirebaseDatabaseSwift */ = {
			isa = XCSwiftPackageProductDependency;
			package = 516C7C492B0ACC71007B211B /* XCRemoteSwiftPackageReference "firebase-ios-sdk" */;
			productName = FirebaseDatabaseSwift;
		};
		516C7C602B0ACC71007B211B /* FirebaseDynamicLinks */ = {
			isa = XCSwiftPackageProductDependency;
			package = 516C7C492B0ACC71007B211B /* XCRemoteSwiftPackageReference "firebase-ios-sdk" */;
			productName = FirebaseDynamicLinks;
		};
		516C7C622B0ACC71007B211B /* FirebaseFirestore */ = {
			isa = XCSwiftPackageProductDependency;
			package = 516C7C492B0ACC71007B211B /* XCRemoteSwiftPackageReference "firebase-ios-sdk" */;
			productName = FirebaseFirestore;
		};
		516C7C642B0ACC71007B211B /* FirebaseFirestoreCombine-Community */ = {
			isa = XCSwiftPackageProductDependency;
			package = 516C7C492B0ACC71007B211B /* XCRemoteSwiftPackageReference "firebase-ios-sdk" */;
			productName = "FirebaseFirestoreCombine-Community";
		};
		516C7C662B0ACC71007B211B /* FirebaseFirestoreSwift */ = {
			isa = XCSwiftPackageProductDependency;
			package = 516C7C492B0ACC71007B211B /* XCRemoteSwiftPackageReference "firebase-ios-sdk" */;
			productName = FirebaseFirestoreSwift;
		};
		516C7C682B0ACC71007B211B /* FirebaseFunctions */ = {
			isa = XCSwiftPackageProductDependency;
			package = 516C7C492B0ACC71007B211B /* XCRemoteSwiftPackageReference "firebase-ios-sdk" */;
			productName = FirebaseFunctions;
		};
		516C7C6A2B0ACC71007B211B /* FirebaseFunctionsCombine-Community */ = {
			isa = XCSwiftPackageProductDependency;
			package = 516C7C492B0ACC71007B211B /* XCRemoteSwiftPackageReference "firebase-ios-sdk" */;
			productName = "FirebaseFunctionsCombine-Community";
		};
		516C7C6C2B0ACC71007B211B /* FirebaseInAppMessaging-Beta */ = {
			isa = XCSwiftPackageProductDependency;
			package = 516C7C492B0ACC71007B211B /* XCRemoteSwiftPackageReference "firebase-ios-sdk" */;
			productName = "FirebaseInAppMessaging-Beta";
		};
		516C7C6E2B0ACC71007B211B /* FirebaseInAppMessagingSwift-Beta */ = {
			isa = XCSwiftPackageProductDependency;
			package = 516C7C492B0ACC71007B211B /* XCRemoteSwiftPackageReference "firebase-ios-sdk" */;
			productName = "FirebaseInAppMessagingSwift-Beta";
		};
		516C7C702B0ACC71007B211B /* FirebaseInstallations */ = {
			isa = XCSwiftPackageProductDependency;
			package = 516C7C492B0ACC71007B211B /* XCRemoteSwiftPackageReference "firebase-ios-sdk" */;
			productName = FirebaseInstallations;
		};
		516C7C722B0ACC71007B211B /* FirebaseMLModelDownloader */ = {
			isa = XCSwiftPackageProductDependency;
			package = 516C7C492B0ACC71007B211B /* XCRemoteSwiftPackageReference "firebase-ios-sdk" */;
			productName = FirebaseMLModelDownloader;
		};
		516C7C742B0ACC71007B211B /* FirebaseMessaging */ = {
			isa = XCSwiftPackageProductDependency;
			package = 516C7C492B0ACC71007B211B /* XCRemoteSwiftPackageReference "firebase-ios-sdk" */;
			productName = FirebaseMessaging;
		};
		516C7C762B0ACC71007B211B /* FirebasePerformance */ = {
			isa = XCSwiftPackageProductDependency;
			package = 516C7C492B0ACC71007B211B /* XCRemoteSwiftPackageReference "firebase-ios-sdk" */;
			productName = FirebasePerformance;
		};
		516C7C782B0ACC71007B211B /* FirebaseRemoteConfig */ = {
			isa = XCSwiftPackageProductDependency;
			package = 516C7C492B0ACC71007B211B /* XCRemoteSwiftPackageReference "firebase-ios-sdk" */;
			productName = FirebaseRemoteConfig;
		};
		516C7C7A2B0ACC71007B211B /* FirebaseRemoteConfigSwift */ = {
			isa = XCSwiftPackageProductDependency;
			package = 516C7C492B0ACC71007B211B /* XCRemoteSwiftPackageReference "firebase-ios-sdk" */;
			productName = FirebaseRemoteConfigSwift;
		};
		516C7C7C2B0ACC71007B211B /* FirebaseStorage */ = {
			isa = XCSwiftPackageProductDependency;
			package = 516C7C492B0ACC71007B211B /* XCRemoteSwiftPackageReference "firebase-ios-sdk" */;
			productName = FirebaseStorage;
		};
		516C7C7E2B0ACC71007B211B /* FirebaseStorageCombine-Community */ = {
			isa = XCSwiftPackageProductDependency;
			package = 516C7C492B0ACC71007B211B /* XCRemoteSwiftPackageReference "firebase-ios-sdk" */;
			productName = "FirebaseStorageCombine-Community";
		};
		51A87BA52AEF66CC00D6FC91 /* Lottie */ = {
			isa = XCSwiftPackageProductDependency;
			package = 51A87BA42AEF66CB00D6FC91 /* XCRemoteSwiftPackageReference "lottie-ios" */;
			productName = Lottie;
		};
/* End XCSwiftPackageProductDependency section */
	};
	rootObject = 51A87B852AEF660F00D6FC91 /* Project object */;
}
